<?xml version="1.0" encoding="utf-8"?>
<Project ToolsVersion="4.0" xmlns="http://schemas.microsoft.com/developer/msbuild/2003">
  <ItemGroup>
    <Filter Include="Source files">
      <UniqueIdentifier>{a2a6d81d-cf79-4c18-af67-f2181df5599b}</UniqueIdentifier>
      <Extensions>cpp;c;cc;cxx;def;odl;idl;hpj;bat;asm;asmx</Extensions>
    </Filter>
    <Filter Include="Header files">
      <UniqueIdentifier>{37f24133-5795-4652-8446-7ac3b8847c33}</UniqueIdentifier>
      <Extensions>h;hpp;hxx;hm;inl;inc;xsd</Extensions>
    </Filter>
    <Filter Include="Resource files">
      <UniqueIdentifier>{30676e94-1a32-4f7e-812f-0cba5c8530ad}</UniqueIdentifier>
      <Extensions>rc;ico;cur;bmp;dlg;rc2;rct;bin;rgs;gif;jpg;jpeg;jpe;resx;tiff;tif;png;wav</Extensions>
    </Filter>
    <Filter Include="VisualGDB settings">
      <UniqueIdentifier>{0f83f162-98d5-4593-bdb8-eb5e1f79b23d}</UniqueIdentifier>
      <Extensions>*.vgdbsettings</Extensions>
    </Filter>
    <Filter Include="Source files\Device-specific files">
      <UniqueIdentifier>{096f475c-60f5-46cd-bf98-856946cfa825}</UniqueIdentifier>
    </Filter>
    <Filter Include="Header files\Device-specific files">
      <UniqueIdentifier>{4d889450-31cf-41fb-ae1f-48093114d7ef}</UniqueIdentifier>
    </Filter>
    <Filter Include="Source files\Device-specific files\HAL">
      <UniqueIdentifier>{6686c5ec-3b95-49d9-b57a-69ff00a6a3b4}</UniqueIdentifier>
    </Filter>
    <Filter Include="Header files\Device-specific files\HAL">
      <UniqueIdentifier>{1b280efc-f74a-4a1c-b204-2cbd87ced770}</UniqueIdentifier>
    </Filter>
    <Filter Include="Source files\STM32">
      <UniqueIdentifier>{55b21e0e-ec38-41a4-adc9-8f7c610c1888}</UniqueIdentifier>
    </Filter>
    <Filter Include="Header files\STM32">
      <UniqueIdentifier>{3372bb9a-0ad9-4680-a8a5-442120627440}</UniqueIdentifier>
    </Filter>
    <Filter Include="Source files\STM32\ssd1306">
      <UniqueIdentifier>{511f4a51-ba9e-48b1-a972-37bb1135b541}</UniqueIdentifier>
    </Filter>
    <Filter Include="Header files\STM32\ssd1306">
      <UniqueIdentifier>{1f30deca-d8fa-4bdd-9ed1-754fe003caaa}</UniqueIdentifier>
    </Filter>
    <Filter Include="Header files\STM32\htu21d">
      <UniqueIdentifier>{78ce3122-011a-4464-b781-f1163c1f518a}</UniqueIdentifier>
    </Filter>
    <Filter Include="Source files\STM32\htu21d">
      <UniqueIdentifier>{7b12f7a0-b4a8-43e0-bb7c-db05018d6396}</UniqueIdentifier>
    </Filter>
    <Filter Include="Source files\STM32\ili9341">
      <UniqueIdentifier>{138faaed-29a1-4dfe-ac46-c91dfe80d12b}</UniqueIdentifier>
    </Filter>
    <Filter Include="Header files\STM32\ili9341">
      <UniqueIdentifier>{3b355064-b2fa-4156-9711-12be6d78350f}</UniqueIdentifier>
    </Filter>
    <Filter Include="Header files\STM32\xpt2046">
      <UniqueIdentifier>{166b511d-26dd-433d-a7b5-8deb9ab02de1}</UniqueIdentifier>
    </Filter>
    <Filter Include="Source files\STM32\xpt2046">
      <UniqueIdentifier>{d99f337f-bd33-4557-ac5e-182ea8f3b9a1}</UniqueIdentifier>
    </Filter>
    <Filter Include="Source files\fatfs">
      <UniqueIdentifier>{82b1275c-1c10-4f42-bac7-453e1aaeca3e}</UniqueIdentifier>
    </Filter>
    <Filter Include="Source files\STM32\filesystem">
      <UniqueIdentifier>{2c338ca9-ee1a-45b1-82ff-a588fb5d9ebf}</UniqueIdentifier>
    </Filter>
    <Filter Include="Header files\STM32\filesystem">
      <UniqueIdentifier>{b1d882bf-9387-4e76-aa26-293d48ce15a7}</UniqueIdentifier>
    </Filter>
    <Filter Include="Source files\STM32\ili9225">
      <UniqueIdentifier>{42dcc2bb-2e4c-4d90-bddf-ae154bc9fabf}</UniqueIdentifier>
    </Filter>
    <Filter Include="Header files\STM32\ili9225">
      <UniqueIdentifier>{cd34bd87-731e-40f3-9aec-54e0a92e1060}</UniqueIdentifier>
    </Filter>
    <Filter Include="Source files\STM32\ili9xxx">
      <UniqueIdentifier>{39988f8f-6134-41a4-b280-717af74b6da1}</UniqueIdentifier>
    </Filter>
    <Filter Include="Header files\STM32\ili9xxx">
      <UniqueIdentifier>{77175424-d65d-47c6-a897-329083d2b482}</UniqueIdentifier>
    </Filter>
    <Filter Include="Source files\STM32\nunchuck">
      <UniqueIdentifier>{4c0eb870-3109-4091-8ebb-d6de3f08f6a0}</UniqueIdentifier>
    </Filter>
    <Filter Include="Header files\STM32\nunchuck">
      <UniqueIdentifier>{e4835cb9-a0d4-44c7-950b-9eec815d5b28}</UniqueIdentifier>
    </Filter>
    <Filter Include="Source files\STM32\ssd2119">
      <UniqueIdentifier>{29f4db93-69c1-48bc-af25-b2e3f275de1c}</UniqueIdentifier>
    </Filter>
    <Filter Include="Header files\STM32\ssd2119">
      <UniqueIdentifier>{a6477945-4796-4a52-a201-3515465dd3db}</UniqueIdentifier>
    </Filter>
    <Filter Include="Header files\STM32\sn8200">
      <UniqueIdentifier>{b1768c96-91fc-464c-9ebf-abc04cf4bf5b}</UniqueIdentifier>
    </Filter>
    <Filter Include="Source files\STM32\sn8200">
      <UniqueIdentifier>{6c1e9a94-6795-4549-abbf-aa5a3bd790e9}</UniqueIdentifier>
    </Filter>
    <Filter Include="Source files\STM32\bmp180">
      <UniqueIdentifier>{c2e4398b-7ca1-4940-9999-a76c0d041121}</UniqueIdentifier>
    </Filter>
    <Filter Include="Header files\STM32\lis3dsh">
      <UniqueIdentifier>{9daa6d62-d557-4ee6-bbd4-0f1ba173ffef}</UniqueIdentifier>
    </Filter>
    <Filter Include="Source files\STM32\lis3dsh">
      <UniqueIdentifier>{8279c38f-f8ec-4897-a1cd-c0b45378cef5}</UniqueIdentifier>
    </Filter>
  </ItemGroup>
  <ItemGroup>
    <ClCompile Include="main.cpp">
      <Filter>Source files</Filter>
    </ClCompile>
    <ClCompile Include="..\..\STM32\adc.cpp">
      <Filter>Source files\STM32</Filter>
    </ClCompile>
    <ClCompile Include="..\..\STM32\byte_array.cpp">
      <Filter>Source files\STM32</Filter>
    </ClCompile>
    <ClCompile Include="..\..\STM32\circular_buffer.cpp">
      <Filter>Source files\STM32</Filter>
    </ClCompile>
    <ClCompile Include="..\..\STM32\datetime.cpp">
      <Filter>Source files\STM32</Filter>
    </ClCompile>
    <ClCompile Include="..\..\STM32\i2c.cpp">
      <Filter>Source files\STM32</Filter>
    </ClCompile>
    <ClCompile Include="..\..\STM32\pin.cpp">
      <Filter>Source files\STM32</Filter>
    </ClCompile>
    <ClCompile Include="..\..\STM32\spi.cpp">
      <Filter>Source files\STM32</Filter>
    </ClCompile>
    <ClCompile Include="..\..\STM32\system.cpp">
      <Filter>Source files\STM32</Filter>
    </ClCompile>
    <ClCompile Include="..\..\STM32\uart.cpp">
      <Filter>Source files\STM32</Filter>
    </ClCompile>
    <ClCompile Include="..\..\STM32\exti.cpp">
      <Filter>Source files\STM32</Filter>
    </ClCompile>
    <ClCompile Include="..\..\STM32\point2d.cpp">
      <Filter>Source files\STM32</Filter>
    </ClCompile>
    <ClCompile Include="..\..\STM32\touchscreen.cpp">
      <Filter>Source files\STM32</Filter>
    </ClCompile>
    <ClCompile Include="..\..\STM32\touch.cpp">
      <Filter>Source files\STM32</Filter>
    </ClCompile>
    <ClCompile Include="..\..\STM32\glcdfont.c">
      <Filter>Source files\STM32</Filter>
    </ClCompile>
    <ClCompile Include="..\..\STM32\display.cpp">
      <Filter>Source files\STM32</Filter>
    </ClCompile>
    <ClCompile Include="..\..\STM32\color.cpp">
      <Filter>Source files\STM32</Filter>
    </ClCompile>
    <ClCompile Include="..\..\STM32\rtc.cpp">
      <Filter>Source files\STM32</Filter>
    </ClCompile>
    <ClCompile Include="..\..\STM32\rng.cpp">
      <Filter>Source files\STM32</Filter>
    </ClCompile>
    <ClCompile Include="..\..\STM32\drivers\lis3dsh\lis3dsh.cpp">
      <Filter>Source files\STM32\lis3dsh</Filter>
    </ClCompile>
    <ClCompile Include="system_stm32f1xx.c">
      <Filter>Source files\STM32</Filter>
    </ClCompile>
    <ClCompile Include="C:\Users\Gigotdarnaud\AppData\Local\VisualGDB\EmbeddedBSPs\arm-eabi\com.sysprogs.arm.stm32\STM32F1xxxx\StartupFiles\startup_stm32f103xb.c">
      <Filter>Source files\Device-specific files</Filter>
    </ClCompile>
    <ClCompile Include="C:\Users\Gigotdarnaud\AppData\Local\VisualGDB\EmbeddedBSPs\arm-eabi\com.sysprogs.arm.stm32\STM32F1xxxx\STM32F1xx_HAL_Driver\Src\stm32f1xx_hal.c">
      <Filter>Source files\Device-specific files\HAL</Filter>
    </ClCompile>
    <ClCompile Include="C:\Users\Gigotdarnaud\AppData\Local\VisualGDB\EmbeddedBSPs\arm-eabi\com.sysprogs.arm.stm32\STM32F1xxxx\STM32F1xx_HAL_Driver\Src\stm32f1xx_hal_adc.c">
      <Filter>Source files\Device-specific files\HAL</Filter>
    </ClCompile>
    <ClCompile Include="C:\Users\Gigotdarnaud\AppData\Local\VisualGDB\EmbeddedBSPs\arm-eabi\com.sysprogs.arm.stm32\STM32F1xxxx\STM32F1xx_HAL_Driver\Src\stm32f1xx_hal_adc_ex.c">
      <Filter>Source files\Device-specific files\HAL</Filter>
    </ClCompile>
    <ClCompile Include="C:\Users\Gigotdarnaud\AppData\Local\VisualGDB\EmbeddedBSPs\arm-eabi\com.sysprogs.arm.stm32\STM32F1xxxx\STM32F1xx_HAL_Driver\Src\stm32f1xx_hal_can.c">
      <Filter>Source files\Device-specific files\HAL</Filter>
    </ClCompile>
    <ClCompile Include="C:\Users\Gigotdarnaud\AppData\Local\VisualGDB\EmbeddedBSPs\arm-eabi\com.sysprogs.arm.stm32\STM32F1xxxx\STM32F1xx_HAL_Driver\Src\stm32f1xx_hal_cec.c">
      <Filter>Source files\Device-specific files\HAL</Filter>
    </ClCompile>
    <ClCompile Include="C:\Users\Gigotdarnaud\AppData\Local\VisualGDB\EmbeddedBSPs\arm-eabi\com.sysprogs.arm.stm32\STM32F1xxxx\STM32F1xx_HAL_Driver\Src\stm32f1xx_hal_cortex.c">
      <Filter>Source files\Device-specific files\HAL</Filter>
    </ClCompile>
    <ClCompile Include="C:\Users\Gigotdarnaud\AppData\Local\VisualGDB\EmbeddedBSPs\arm-eabi\com.sysprogs.arm.stm32\STM32F1xxxx\STM32F1xx_HAL_Driver\Src\stm32f1xx_hal_crc.c">
      <Filter>Source files\Device-specific files\HAL</Filter>
    </ClCompile>
    <ClCompile Include="C:\Users\Gigotdarnaud\AppData\Local\VisualGDB\EmbeddedBSPs\arm-eabi\com.sysprogs.arm.stm32\STM32F1xxxx\STM32F1xx_HAL_Driver\Src\stm32f1xx_hal_dac.c">
      <Filter>Source files\Device-specific files\HAL</Filter>
    </ClCompile>
    <ClCompile Include="C:\Users\Gigotdarnaud\AppData\Local\VisualGDB\EmbeddedBSPs\arm-eabi\com.sysprogs.arm.stm32\STM32F1xxxx\STM32F1xx_HAL_Driver\Src\stm32f1xx_hal_dac_ex.c">
      <Filter>Source files\Device-specific files\HAL</Filter>
    </ClCompile>
    <ClCompile Include="C:\Users\Gigotdarnaud\AppData\Local\VisualGDB\EmbeddedBSPs\arm-eabi\com.sysprogs.arm.stm32\STM32F1xxxx\STM32F1xx_HAL_Driver\Src\stm32f1xx_hal_dma.c">
      <Filter>Source files\Device-specific files\HAL</Filter>
    </ClCompile>
    <ClCompile Include="C:\Users\Gigotdarnaud\AppData\Local\VisualGDB\EmbeddedBSPs\arm-eabi\com.sysprogs.arm.stm32\STM32F1xxxx\STM32F1xx_HAL_Driver\Src\stm32f1xx_hal_eth.c">
      <Filter>Source files\Device-specific files\HAL</Filter>
    </ClCompile>
    <ClCompile Include="C:\Users\Gigotdarnaud\AppData\Local\VisualGDB\EmbeddedBSPs\arm-eabi\com.sysprogs.arm.stm32\STM32F1xxxx\STM32F1xx_HAL_Driver\Src\stm32f1xx_hal_flash.c">
      <Filter>Source files\Device-specific files\HAL</Filter>
    </ClCompile>
    <ClCompile Include="C:\Users\Gigotdarnaud\AppData\Local\VisualGDB\EmbeddedBSPs\arm-eabi\com.sysprogs.arm.stm32\STM32F1xxxx\STM32F1xx_HAL_Driver\Src\stm32f1xx_hal_flash_ex.c">
      <Filter>Source files\Device-specific files\HAL</Filter>
    </ClCompile>
    <ClCompile Include="C:\Users\Gigotdarnaud\AppData\Local\VisualGDB\EmbeddedBSPs\arm-eabi\com.sysprogs.arm.stm32\STM32F1xxxx\STM32F1xx_HAL_Driver\Src\stm32f1xx_hal_gpio.c">
      <Filter>Source files\Device-specific files\HAL</Filter>
    </ClCompile>
    <ClCompile Include="C:\Users\Gigotdarnaud\AppData\Local\VisualGDB\EmbeddedBSPs\arm-eabi\com.sysprogs.arm.stm32\STM32F1xxxx\STM32F1xx_HAL_Driver\Src\stm32f1xx_hal_gpio_ex.c">
      <Filter>Source files\Device-specific files\HAL</Filter>
    </ClCompile>
    <ClCompile Include="C:\Users\Gigotdarnaud\AppData\Local\VisualGDB\EmbeddedBSPs\arm-eabi\com.sysprogs.arm.stm32\STM32F1xxxx\STM32F1xx_HAL_Driver\Src\stm32f1xx_hal_hcd.c">
      <Filter>Source files\Device-specific files\HAL</Filter>
    </ClCompile>
    <ClCompile Include="C:\Users\Gigotdarnaud\AppData\Local\VisualGDB\EmbeddedBSPs\arm-eabi\com.sysprogs.arm.stm32\STM32F1xxxx\STM32F1xx_HAL_Driver\Src\stm32f1xx_hal_i2c.c">
      <Filter>Source files\Device-specific files\HAL</Filter>
    </ClCompile>
    <ClCompile Include="C:\Users\Gigotdarnaud\AppData\Local\VisualGDB\EmbeddedBSPs\arm-eabi\com.sysprogs.arm.stm32\STM32F1xxxx\STM32F1xx_HAL_Driver\Src\stm32f1xx_hal_i2s.c">
      <Filter>Source files\Device-specific files\HAL</Filter>
    </ClCompile>
    <ClCompile Include="C:\Users\Gigotdarnaud\AppData\Local\VisualGDB\EmbeddedBSPs\arm-eabi\com.sysprogs.arm.stm32\STM32F1xxxx\STM32F1xx_HAL_Driver\Src\stm32f1xx_hal_irda.c">
      <Filter>Source files\Device-specific files\HAL</Filter>
    </ClCompile>
    <ClCompile Include="C:\Users\Gigotdarnaud\AppData\Local\VisualGDB\EmbeddedBSPs\arm-eabi\com.sysprogs.arm.stm32\STM32F1xxxx\STM32F1xx_HAL_Driver\Src\stm32f1xx_hal_iwdg.c">
      <Filter>Source files\Device-specific files\HAL</Filter>
    </ClCompile>
    <ClCompile Include="C:\Users\Gigotdarnaud\AppData\Local\VisualGDB\EmbeddedBSPs\arm-eabi\com.sysprogs.arm.stm32\STM32F1xxxx\STM32F1xx_HAL_Driver\Src\stm32f1xx_hal_mmc.c">
      <Filter>Source files\Device-specific files\HAL</Filter>
    </ClCompile>
    <ClCompile Include="C:\Users\Gigotdarnaud\AppData\Local\VisualGDB\EmbeddedBSPs\arm-eabi\com.sysprogs.arm.stm32\STM32F1xxxx\STM32F1xx_HAL_Driver\Src\stm32f1xx_hal_nand.c">
      <Filter>Source files\Device-specific files\HAL</Filter>
    </ClCompile>
    <ClCompile Include="C:\Users\Gigotdarnaud\AppData\Local\VisualGDB\EmbeddedBSPs\arm-eabi\com.sysprogs.arm.stm32\STM32F1xxxx\STM32F1xx_HAL_Driver\Src\stm32f1xx_hal_nor.c">
      <Filter>Source files\Device-specific files\HAL</Filter>
    </ClCompile>
    <ClCompile Include="C:\Users\Gigotdarnaud\AppData\Local\VisualGDB\EmbeddedBSPs\arm-eabi\com.sysprogs.arm.stm32\STM32F1xxxx\STM32F1xx_HAL_Driver\Src\stm32f1xx_hal_pccard.c">
      <Filter>Source files\Device-specific files\HAL</Filter>
    </ClCompile>
    <ClCompile Include="C:\Users\Gigotdarnaud\AppData\Local\VisualGDB\EmbeddedBSPs\arm-eabi\com.sysprogs.arm.stm32\STM32F1xxxx\STM32F1xx_HAL_Driver\Src\stm32f1xx_hal_pcd.c">
      <Filter>Source files\Device-specific files\HAL</Filter>
    </ClCompile>
    <ClCompile Include="C:\Users\Gigotdarnaud\AppData\Local\VisualGDB\EmbeddedBSPs\arm-eabi\com.sysprogs.arm.stm32\STM32F1xxxx\STM32F1xx_HAL_Driver\Src\stm32f1xx_hal_pcd_ex.c">
      <Filter>Source files\Device-specific files\HAL</Filter>
    </ClCompile>
    <ClCompile Include="C:\Users\Gigotdarnaud\AppData\Local\VisualGDB\EmbeddedBSPs\arm-eabi\com.sysprogs.arm.stm32\STM32F1xxxx\STM32F1xx_HAL_Driver\Src\stm32f1xx_hal_pwr.c">
      <Filter>Source files\Device-specific files\HAL</Filter>
    </ClCompile>
    <ClCompile Include="C:\Users\Gigotdarnaud\AppData\Local\VisualGDB\EmbeddedBSPs\arm-eabi\com.sysprogs.arm.stm32\STM32F1xxxx\STM32F1xx_HAL_Driver\Src\stm32f1xx_hal_rcc.c">
      <Filter>Source files\Device-specific files\HAL</Filter>
    </ClCompile>
    <ClCompile Include="C:\Users\Gigotdarnaud\AppData\Local\VisualGDB\EmbeddedBSPs\arm-eabi\com.sysprogs.arm.stm32\STM32F1xxxx\STM32F1xx_HAL_Driver\Src\stm32f1xx_hal_rcc_ex.c">
      <Filter>Source files\Device-specific files\HAL</Filter>
    </ClCompile>
    <ClCompile Include="C:\Users\Gigotdarnaud\AppData\Local\VisualGDB\EmbeddedBSPs\arm-eabi\com.sysprogs.arm.stm32\STM32F1xxxx\STM32F1xx_HAL_Driver\Src\stm32f1xx_hal_rtc.c">
      <Filter>Source files\Device-specific files\HAL</Filter>
    </ClCompile>
    <ClCompile Include="C:\Users\Gigotdarnaud\AppData\Local\VisualGDB\EmbeddedBSPs\arm-eabi\com.sysprogs.arm.stm32\STM32F1xxxx\STM32F1xx_HAL_Driver\Src\stm32f1xx_hal_rtc_ex.c">
      <Filter>Source files\Device-specific files\HAL</Filter>
    </ClCompile>
    <ClCompile Include="C:\Users\Gigotdarnaud\AppData\Local\VisualGDB\EmbeddedBSPs\arm-eabi\com.sysprogs.arm.stm32\STM32F1xxxx\STM32F1xx_HAL_Driver\Src\stm32f1xx_hal_sd.c">
      <Filter>Source files\Device-specific files\HAL</Filter>
    </ClCompile>
    <ClCompile Include="C:\Users\Gigotdarnaud\AppData\Local\VisualGDB\EmbeddedBSPs\arm-eabi\com.sysprogs.arm.stm32\STM32F1xxxx\STM32F1xx_HAL_Driver\Src\stm32f1xx_hal_smartcard.c">
      <Filter>Source files\Device-specific files\HAL</Filter>
    </ClCompile>
    <ClCompile Include="C:\Users\Gigotdarnaud\AppData\Local\VisualGDB\EmbeddedBSPs\arm-eabi\com.sysprogs.arm.stm32\STM32F1xxxx\STM32F1xx_HAL_Driver\Src\stm32f1xx_hal_spi.c">
      <Filter>Source files\Device-specific files\HAL</Filter>
    </ClCompile>
    <ClCompile Include="C:\Users\Gigotdarnaud\AppData\Local\VisualGDB\EmbeddedBSPs\arm-eabi\com.sysprogs.arm.stm32\STM32F1xxxx\STM32F1xx_HAL_Driver\Src\stm32f1xx_hal_spi_ex.c">
      <Filter>Source files\Device-specific files\HAL</Filter>
    </ClCompile>
    <ClCompile Include="C:\Users\Gigotdarnaud\AppData\Local\VisualGDB\EmbeddedBSPs\arm-eabi\com.sysprogs.arm.stm32\STM32F1xxxx\STM32F1xx_HAL_Driver\Src\stm32f1xx_hal_sram.c">
      <Filter>Source files\Device-specific files\HAL</Filter>
    </ClCompile>
    <ClCompile Include="C:\Users\Gigotdarnaud\AppData\Local\VisualGDB\EmbeddedBSPs\arm-eabi\com.sysprogs.arm.stm32\STM32F1xxxx\STM32F1xx_HAL_Driver\Src\stm32f1xx_hal_tim.c">
      <Filter>Source files\Device-specific files\HAL</Filter>
    </ClCompile>
    <ClCompile Include="C:\Users\Gigotdarnaud\AppData\Local\VisualGDB\EmbeddedBSPs\arm-eabi\com.sysprogs.arm.stm32\STM32F1xxxx\STM32F1xx_HAL_Driver\Src\stm32f1xx_hal_tim_ex.c">
      <Filter>Source files\Device-specific files\HAL</Filter>
    </ClCompile>
    <ClCompile Include="C:\Users\Gigotdarnaud\AppData\Local\VisualGDB\EmbeddedBSPs\arm-eabi\com.sysprogs.arm.stm32\STM32F1xxxx\STM32F1xx_HAL_Driver\Src\stm32f1xx_hal_uart.c">
      <Filter>Source files\Device-specific files\HAL</Filter>
    </ClCompile>
    <ClCompile Include="C:\Users\Gigotdarnaud\AppData\Local\VisualGDB\EmbeddedBSPs\arm-eabi\com.sysprogs.arm.stm32\STM32F1xxxx\STM32F1xx_HAL_Driver\Src\stm32f1xx_hal_usart.c">
      <Filter>Source files\Device-specific files\HAL</Filter>
    </ClCompile>
    <ClCompile Include="C:\Users\Gigotdarnaud\AppData\Local\VisualGDB\EmbeddedBSPs\arm-eabi\com.sysprogs.arm.stm32\STM32F1xxxx\STM32F1xx_HAL_Driver\Src\stm32f1xx_hal_wwdg.c">
      <Filter>Source files\Device-specific files\HAL</Filter>
    </ClCompile>
    <ClCompile Include="C:\Users\Gigotdarnaud\AppData\Local\VisualGDB\EmbeddedBSPs\arm-eabi\com.sysprogs.arm.stm32\STM32F1xxxx\STM32F1xx_HAL_Driver\Src\stm32f1xx_ll_adc.c">
      <Filter>Source files\Device-specific files\HAL</Filter>
    </ClCompile>
    <ClCompile Include="C:\Users\Gigotdarnaud\AppData\Local\VisualGDB\EmbeddedBSPs\arm-eabi\com.sysprogs.arm.stm32\STM32F1xxxx\STM32F1xx_HAL_Driver\Src\stm32f1xx_ll_crc.c">
      <Filter>Source files\Device-specific files\HAL</Filter>
    </ClCompile>
    <ClCompile Include="C:\Users\Gigotdarnaud\AppData\Local\VisualGDB\EmbeddedBSPs\arm-eabi\com.sysprogs.arm.stm32\STM32F1xxxx\STM32F1xx_HAL_Driver\Src\stm32f1xx_ll_dac.c">
      <Filter>Source files\Device-specific files\HAL</Filter>
    </ClCompile>
    <ClCompile Include="C:\Users\Gigotdarnaud\AppData\Local\VisualGDB\EmbeddedBSPs\arm-eabi\com.sysprogs.arm.stm32\STM32F1xxxx\STM32F1xx_HAL_Driver\Src\stm32f1xx_ll_dma.c">
      <Filter>Source files\Device-specific files\HAL</Filter>
    </ClCompile>
    <ClCompile Include="C:\Users\Gigotdarnaud\AppData\Local\VisualGDB\EmbeddedBSPs\arm-eabi\com.sysprogs.arm.stm32\STM32F1xxxx\STM32F1xx_HAL_Driver\Src\stm32f1xx_ll_exti.c">
      <Filter>Source files\Device-specific files\HAL</Filter>
    </ClCompile>
    <ClCompile Include="C:\Users\Gigotdarnaud\AppData\Local\VisualGDB\EmbeddedBSPs\arm-eabi\com.sysprogs.arm.stm32\STM32F1xxxx\STM32F1xx_HAL_Driver\Src\stm32f1xx_ll_fsmc.c">
      <Filter>Source files\Device-specific files\HAL</Filter>
    </ClCompile>
    <ClCompile Include="C:\Users\Gigotdarnaud\AppData\Local\VisualGDB\EmbeddedBSPs\arm-eabi\com.sysprogs.arm.stm32\STM32F1xxxx\STM32F1xx_HAL_Driver\Src\stm32f1xx_ll_gpio.c">
      <Filter>Source files\Device-specific files\HAL</Filter>
    </ClCompile>
    <ClCompile Include="C:\Users\Gigotdarnaud\AppData\Local\VisualGDB\EmbeddedBSPs\arm-eabi\com.sysprogs.arm.stm32\STM32F1xxxx\STM32F1xx_HAL_Driver\Src\stm32f1xx_ll_i2c.c">
      <Filter>Source files\Device-specific files\HAL</Filter>
    </ClCompile>
    <ClCompile Include="C:\Users\Gigotdarnaud\AppData\Local\VisualGDB\EmbeddedBSPs\arm-eabi\com.sysprogs.arm.stm32\STM32F1xxxx\STM32F1xx_HAL_Driver\Src\stm32f1xx_ll_pwr.c">
      <Filter>Source files\Device-specific files\HAL</Filter>
    </ClCompile>
    <ClCompile Include="C:\Users\Gigotdarnaud\AppData\Local\VisualGDB\EmbeddedBSPs\arm-eabi\com.sysprogs.arm.stm32\STM32F1xxxx\STM32F1xx_HAL_Driver\Src\stm32f1xx_ll_rcc.c">
      <Filter>Source files\Device-specific files\HAL</Filter>
    </ClCompile>
    <ClCompile Include="C:\Users\Gigotdarnaud\AppData\Local\VisualGDB\EmbeddedBSPs\arm-eabi\com.sysprogs.arm.stm32\STM32F1xxxx\STM32F1xx_HAL_Driver\Src\stm32f1xx_ll_rtc.c">
      <Filter>Source files\Device-specific files\HAL</Filter>
    </ClCompile>
    <ClCompile Include="C:\Users\Gigotdarnaud\AppData\Local\VisualGDB\EmbeddedBSPs\arm-eabi\com.sysprogs.arm.stm32\STM32F1xxxx\STM32F1xx_HAL_Driver\Src\stm32f1xx_ll_sdmmc.c">
      <Filter>Source files\Device-specific files\HAL</Filter>
    </ClCompile>
    <ClCompile Include="C:\Users\Gigotdarnaud\AppData\Local\VisualGDB\EmbeddedBSPs\arm-eabi\com.sysprogs.arm.stm32\STM32F1xxxx\STM32F1xx_HAL_Driver\Src\stm32f1xx_ll_spi.c">
      <Filter>Source files\Device-specific files\HAL</Filter>
    </ClCompile>
    <ClCompile Include="C:\Users\Gigotdarnaud\AppData\Local\VisualGDB\EmbeddedBSPs\arm-eabi\com.sysprogs.arm.stm32\STM32F1xxxx\STM32F1xx_HAL_Driver\Src\stm32f1xx_ll_tim.c">
      <Filter>Source files\Device-specific files\HAL</Filter>
    </ClCompile>
    <ClCompile Include="C:\Users\Gigotdarnaud\AppData\Local\VisualGDB\EmbeddedBSPs\arm-eabi\com.sysprogs.arm.stm32\STM32F1xxxx\STM32F1xx_HAL_Driver\Src\stm32f1xx_ll_usart.c">
      <Filter>Source files\Device-specific files\HAL</Filter>
    </ClCompile>
    <ClCompile Include="C:\Users\Gigotdarnaud\AppData\Local\VisualGDB\EmbeddedBSPs\arm-eabi\com.sysprogs.arm.stm32\STM32F1xxxx\STM32F1xx_HAL_Driver\Src\stm32f1xx_ll_usb.c">
      <Filter>Source files\Device-specific files\HAL</Filter>
    </ClCompile>
    <ClCompile Include="C:\Users\Gigotdarnaud\AppData\Local\VisualGDB\EmbeddedBSPs\arm-eabi\com.sysprogs.arm.stm32\STM32F1xxxx\STM32F1xx_HAL_Driver\Src\stm32f1xx_ll_utils.c">
      <Filter>Source files\Device-specific files\HAL</Filter>
    </ClCompile>
  </ItemGroup>
  <ItemGroup>
    <ClInclude Include="surge.h">
      <Filter>Header files</Filter>
    </ClInclude>
    <ClInclude Include="..\..\STM32\adc.h">
      <Filter>Header files\STM32</Filter>
    </ClInclude>
    <ClInclude Include="..\..\STM32\axsigfox.h">
      <Filter>Header files\STM32</Filter>
    </ClInclude>
    <ClInclude Include="..\..\STM32\byte_array.h">
      <Filter>Header files\STM32</Filter>
    </ClInclude>
    <ClInclude Include="..\..\STM32\circular_buffer.h">
      <Filter>Header files\STM32</Filter>
    </ClInclude>
    <ClInclude Include="..\..\STM32\datetime.h">
      <Filter>Header files\STM32</Filter>
    </ClInclude>
    <ClInclude Include="..\..\STM32\hal.h">
      <Filter>Header files\STM32</Filter>
    </ClInclude>
    <ClInclude Include="..\..\STM32\i2c.h">
      <Filter>Header files\STM32</Filter>
    </ClInclude>
    <ClInclude Include="..\..\STM32\pin.h">
      <Filter>Header files\STM32</Filter>
    </ClInclude>
    <ClInclude Include="..\..\STM32\rn2483.h">
      <Filter>Header files\STM32</Filter>
    </ClInclude>
    <ClInclude Include="..\..\STM32\spi.h">
      <Filter>Header files\STM32</Filter>
    </ClInclude>
    <ClInclude Include="..\..\STM32\system.h">
      <Filter>Header files\STM32</Filter>
    </ClInclude>
    <ClInclude Include="..\..\STM32\uart.h">
      <Filter>Header files\STM32</Filter>
    </ClInclude>
    <ClInclude Include="..\..\STM32\drivers\htu21d\htu21d.h">
      <Filter>Header files\STM32\htu21d</Filter>
    </ClInclude>
    <ClInclude Include="..\..\STM32\drivers\ili9341\ili9341.h">
      <Filter>Header files\STM32\ili9341</Filter>
    </ClInclude>
    <ClInclude Include="..\..\STM32\exti.h">
      <Filter>Header files\STM32</Filter>
    </ClInclude>
    <ClInclude Include="..\..\STM32\drivers\xpt2046\xpt2046.h">
      <Filter>Header files\STM32\xpt2046</Filter>
    </ClInclude>
    <ClInclude Include="..\..\STM32\point2d.h">
      <Filter>Header files\STM32</Filter>
    </ClInclude>
    <ClInclude Include="..\..\STM32\touchscreen.h">
      <Filter>Header files\STM32</Filter>
    </ClInclude>
    <ClInclude Include="..\..\STM32\touch.h">
      <Filter>Header files\STM32</Filter>
    </ClInclude>
    <ClInclude Include="..\..\STM32\display.h">
      <Filter>Header files\STM32</Filter>
    </ClInclude>
    <ClInclude Include="..\..\STM32\gfxfont.h">
      <Filter>Header files\STM32</Filter>
    </ClInclude>
    <ClInclude Include="..\..\STM32\color.h">
      <Filter>Header files\STM32</Filter>
    </ClInclude>
    <ClInclude Include="stm32f4xx_hal_conf.h">
      <Filter>Header files\STM32</Filter>
    </ClInclude>
    <ClInclude Include="..\..\STM32\drivers\bmp180\bmp180.h">
      <Filter>Header files</Filter>
    </ClInclude>
    <ClInclude Include="..\..\STM32\filesystem\filesystem_sdio.h">
      <Filter>Header files\STM32\filesystem</Filter>
    </ClInclude>
    <ClInclude Include="..\..\STM32\filesystem\file.h">
      <Filter>Header files\STM32\filesystem</Filter>
    </ClInclude>
    <ClInclude Include="..\..\STM32\rng.h">
      <Filter>Header files\STM32</Filter>
    </ClInclude>
    <ClInclude Include="..\..\STM32\drivers\ili9225\ili9225.h">
      <Filter>Header files\STM32\ili9225</Filter>
    </ClInclude>
    <ClInclude Include="..\..\STM32\drivers\ili9xxx\ili9xxx.h">
      <Filter>Header files\STM32\ili9xxx</Filter>
    </ClInclude>
    <ClInclude Include="..\..\STM32\drivers\nunchuck\nunchuck.h">
      <Filter>Header files\STM32\nunchuck</Filter>
    </ClInclude>
    <ClInclude Include="..\..\STM32\drivers\ssd2119\ssd2119.h">
      <Filter>Header files\STM32\ssd2119</Filter>
    </ClInclude>
    <ClInclude Include="..\..\STM32\rtc.h">
      <Filter>Header files\STM32</Filter>
    </ClInclude>
    <ClInclude Include="..\..\STM32\drivers\sn8200\rtl.h">
      <Filter>Header files\STM32\sn8200</Filter>
    </ClInclude>
    <ClInclude Include="..\..\STM32\drivers\sn8200\sn8200_api.h">
      <Filter>Header files\STM32\sn8200</Filter>
    </ClInclude>
    <ClInclude Include="..\..\STM32\drivers\sn8200\sn8200_core.h">
      <Filter>Header files\STM32\sn8200</Filter>
    </ClInclude>
    <ClInclude Include="..\..\STM32\drivers\sn8200\sn8200_hal.h">
      <Filter>Header files\STM32\sn8200</Filter>
    </ClInclude>
    <ClInclude Include="..\..\STM32\drivers\sn8200\sn8200.h">
      <Filter>Header files\STM32\sn8200</Filter>
    </ClInclude>
    <ClInclude Include="..\..\STM32\drivers\lis3dsh\lis3dsh.h">
      <Filter>Header files\STM32\lis3dsh</Filter>
    </ClInclude>
    <ClInclude Include="stm32f1xx_hal_conf.h">
      <Filter>Header files\STM32</Filter>
    </ClInclude>
    <ClInclude Include="C:\Users\Gigotdarnaud\AppData\Local\VisualGDB\EmbeddedBSPs\arm-eabi\com.sysprogs.arm.stm32\STM32F1xxxx\STM32F1xx_HAL_Driver\Inc\stm32f1xx_hal.h">
      <Filter>Header files\Device-specific files\HAL</Filter>
    </ClInclude>
    <ClInclude Include="C:\Users\Gigotdarnaud\AppData\Local\VisualGDB\EmbeddedBSPs\arm-eabi\com.sysprogs.arm.stm32\STM32F1xxxx\STM32F1xx_HAL_Driver\Inc\stm32f1xx_hal_adc.h">
      <Filter>Header files\Device-specific files\HAL</Filter>
    </ClInclude>
    <ClInclude Include="C:\Users\Gigotdarnaud\AppData\Local\VisualGDB\EmbeddedBSPs\arm-eabi\com.sysprogs.arm.stm32\STM32F1xxxx\STM32F1xx_HAL_Driver\Inc\stm32f1xx_hal_adc_ex.h">
      <Filter>Header files\Device-specific files\HAL</Filter>
    </ClInclude>
    <ClInclude Include="C:\Users\Gigotdarnaud\AppData\Local\VisualGDB\EmbeddedBSPs\arm-eabi\com.sysprogs.arm.stm32\STM32F1xxxx\STM32F1xx_HAL_Driver\Inc\stm32f1xx_hal_can.h">
      <Filter>Header files\Device-specific files\HAL</Filter>
    </ClInclude>
    <ClInclude Include="C:\Users\Gigotdarnaud\AppData\Local\VisualGDB\EmbeddedBSPs\arm-eabi\com.sysprogs.arm.stm32\STM32F1xxxx\STM32F1xx_HAL_Driver\Inc\stm32f1xx_hal_can_ex.h">
      <Filter>Header files\Device-specific files\HAL</Filter>
    </ClInclude>
    <ClInclude Include="C:\Users\Gigotdarnaud\AppData\Local\VisualGDB\EmbeddedBSPs\arm-eabi\com.sysprogs.arm.stm32\STM32F1xxxx\STM32F1xx_HAL_Driver\Inc\stm32f1xx_hal_cec.h">
      <Filter>Header files\Device-specific files\HAL</Filter>
    </ClInclude>
    <ClInclude Include="C:\Users\Gigotdarnaud\AppData\Local\VisualGDB\EmbeddedBSPs\arm-eabi\com.sysprogs.arm.stm32\STM32F1xxxx\STM32F1xx_HAL_Driver\Inc\stm32f1xx_hal_cortex.h">
      <Filter>Header files\Device-specific files\HAL</Filter>
    </ClInclude>
    <ClInclude Include="C:\Users\Gigotdarnaud\AppData\Local\VisualGDB\EmbeddedBSPs\arm-eabi\com.sysprogs.arm.stm32\STM32F1xxxx\STM32F1xx_HAL_Driver\Inc\stm32f1xx_hal_crc.h">
      <Filter>Header files\Device-specific files\HAL</Filter>
    </ClInclude>
    <ClInclude Include="C:\Users\Gigotdarnaud\AppData\Local\VisualGDB\EmbeddedBSPs\arm-eabi\com.sysprogs.arm.stm32\STM32F1xxxx\STM32F1xx_HAL_Driver\Inc\stm32f1xx_hal_dac.h">
      <Filter>Header files\Device-specific files\HAL</Filter>
    </ClInclude>
    <ClInclude Include="C:\Users\Gigotdarnaud\AppData\Local\VisualGDB\EmbeddedBSPs\arm-eabi\com.sysprogs.arm.stm32\STM32F1xxxx\STM32F1xx_HAL_Driver\Inc\stm32f1xx_hal_dac_ex.h">
      <Filter>Header files\Device-specific files\HAL</Filter>
    </ClInclude>
    <ClInclude Include="C:\Users\Gigotdarnaud\AppData\Local\VisualGDB\EmbeddedBSPs\arm-eabi\com.sysprogs.arm.stm32\STM32F1xxxx\STM32F1xx_HAL_Driver\Inc\stm32f1xx_hal_def.h">
      <Filter>Header files\Device-specific files\HAL</Filter>
    </ClInclude>
    <ClInclude Include="C:\Users\Gigotdarnaud\AppData\Local\VisualGDB\EmbeddedBSPs\arm-eabi\com.sysprogs.arm.stm32\STM32F1xxxx\STM32F1xx_HAL_Driver\Inc\stm32f1xx_hal_dma.h">
      <Filter>Header files\Device-specific files\HAL</Filter>
    </ClInclude>
    <ClInclude Include="C:\Users\Gigotdarnaud\AppData\Local\VisualGDB\EmbeddedBSPs\arm-eabi\com.sysprogs.arm.stm32\STM32F1xxxx\STM32F1xx_HAL_Driver\Inc\stm32f1xx_hal_dma_ex.h">
      <Filter>Header files\Device-specific files\HAL</Filter>
    </ClInclude>
    <ClInclude Include="C:\Users\Gigotdarnaud\AppData\Local\VisualGDB\EmbeddedBSPs\arm-eabi\com.sysprogs.arm.stm32\STM32F1xxxx\STM32F1xx_HAL_Driver\Inc\stm32f1xx_hal_eth.h">
      <Filter>Header files\Device-specific files\HAL</Filter>
    </ClInclude>
    <ClInclude Include="C:\Users\Gigotdarnaud\AppData\Local\VisualGDB\EmbeddedBSPs\arm-eabi\com.sysprogs.arm.stm32\STM32F1xxxx\STM32F1xx_HAL_Driver\Inc\stm32f1xx_hal_flash.h">
      <Filter>Header files\Device-specific files\HAL</Filter>
    </ClInclude>
    <ClInclude Include="C:\Users\Gigotdarnaud\AppData\Local\VisualGDB\EmbeddedBSPs\arm-eabi\com.sysprogs.arm.stm32\STM32F1xxxx\STM32F1xx_HAL_Driver\Inc\stm32f1xx_hal_flash_ex.h">
      <Filter>Header files\Device-specific files\HAL</Filter>
    </ClInclude>
    <ClInclude Include="C:\Users\Gigotdarnaud\AppData\Local\VisualGDB\EmbeddedBSPs\arm-eabi\com.sysprogs.arm.stm32\STM32F1xxxx\STM32F1xx_HAL_Driver\Inc\stm32f1xx_hal_gpio.h">
      <Filter>Header files\Device-specific files\HAL</Filter>
    </ClInclude>
    <ClInclude Include="C:\Users\Gigotdarnaud\AppData\Local\VisualGDB\EmbeddedBSPs\arm-eabi\com.sysprogs.arm.stm32\STM32F1xxxx\STM32F1xx_HAL_Driver\Inc\stm32f1xx_hal_gpio_ex.h">
      <Filter>Header files\Device-specific files\HAL</Filter>
    </ClInclude>
    <ClInclude Include="C:\Users\Gigotdarnaud\AppData\Local\VisualGDB\EmbeddedBSPs\arm-eabi\com.sysprogs.arm.stm32\STM32F1xxxx\STM32F1xx_HAL_Driver\Inc\stm32f1xx_hal_hcd.h">
      <Filter>Header files\Device-specific files\HAL</Filter>
    </ClInclude>
    <ClInclude Include="C:\Users\Gigotdarnaud\AppData\Local\VisualGDB\EmbeddedBSPs\arm-eabi\com.sysprogs.arm.stm32\STM32F1xxxx\STM32F1xx_HAL_Driver\Inc\stm32f1xx_hal_i2c.h">
      <Filter>Header files\Device-specific files\HAL</Filter>
    </ClInclude>
    <ClInclude Include="C:\Users\Gigotdarnaud\AppData\Local\VisualGDB\EmbeddedBSPs\arm-eabi\com.sysprogs.arm.stm32\STM32F1xxxx\STM32F1xx_HAL_Driver\Inc\stm32f1xx_hal_i2s.h">
      <Filter>Header files\Device-specific files\HAL</Filter>
    </ClInclude>
    <ClInclude Include="C:\Users\Gigotdarnaud\AppData\Local\VisualGDB\EmbeddedBSPs\arm-eabi\com.sysprogs.arm.stm32\STM32F1xxxx\STM32F1xx_HAL_Driver\Inc\stm32f1xx_hal_irda.h">
      <Filter>Header files\Device-specific files\HAL</Filter>
    </ClInclude>
    <ClInclude Include="C:\Users\Gigotdarnaud\AppData\Local\VisualGDB\EmbeddedBSPs\arm-eabi\com.sysprogs.arm.stm32\STM32F1xxxx\STM32F1xx_HAL_Driver\Inc\stm32f1xx_hal_iwdg.h">
      <Filter>Header files\Device-specific files\HAL</Filter>
    </ClInclude>
    <ClInclude Include="C:\Users\Gigotdarnaud\AppData\Local\VisualGDB\EmbeddedBSPs\arm-eabi\com.sysprogs.arm.stm32\STM32F1xxxx\STM32F1xx_HAL_Driver\Inc\stm32f1xx_hal_mmc.h">
      <Filter>Header files\Device-specific files\HAL</Filter>
    </ClInclude>
    <ClInclude Include="C:\Users\Gigotdarnaud\AppData\Local\VisualGDB\EmbeddedBSPs\arm-eabi\com.sysprogs.arm.stm32\STM32F1xxxx\STM32F1xx_HAL_Driver\Inc\stm32f1xx_hal_nand.h">
      <Filter>Header files\Device-specific files\HAL</Filter>
    </ClInclude>
    <ClInclude Include="C:\Users\Gigotdarnaud\AppData\Local\VisualGDB\EmbeddedBSPs\arm-eabi\com.sysprogs.arm.stm32\STM32F1xxxx\STM32F1xx_HAL_Driver\Inc\stm32f1xx_hal_nor.h">
      <Filter>Header files\Device-specific files\HAL</Filter>
    </ClInclude>
    <ClInclude Include="C:\Users\Gigotdarnaud\AppData\Local\VisualGDB\EmbeddedBSPs\arm-eabi\com.sysprogs.arm.stm32\STM32F1xxxx\STM32F1xx_HAL_Driver\Inc\stm32f1xx_hal_pccard.h">
      <Filter>Header files\Device-specific files\HAL</Filter>
    </ClInclude>
    <ClInclude Include="C:\Users\Gigotdarnaud\AppData\Local\VisualGDB\EmbeddedBSPs\arm-eabi\com.sysprogs.arm.stm32\STM32F1xxxx\STM32F1xx_HAL_Driver\Inc\stm32f1xx_hal_pcd.h">
      <Filter>Header files\Device-specific files\HAL</Filter>
    </ClInclude>
    <ClInclude Include="C:\Users\Gigotdarnaud\AppData\Local\VisualGDB\EmbeddedBSPs\arm-eabi\com.sysprogs.arm.stm32\STM32F1xxxx\STM32F1xx_HAL_Driver\Inc\stm32f1xx_hal_pcd_ex.h">
      <Filter>Header files\Device-specific files\HAL</Filter>
    </ClInclude>
    <ClInclude Include="C:\Users\Gigotdarnaud\AppData\Local\VisualGDB\EmbeddedBSPs\arm-eabi\com.sysprogs.arm.stm32\STM32F1xxxx\STM32F1xx_HAL_Driver\Inc\stm32f1xx_hal_pwr.h">
      <Filter>Header files\Device-specific files\HAL</Filter>
    </ClInclude>
    <ClInclude Include="C:\Users\Gigotdarnaud\AppData\Local\VisualGDB\EmbeddedBSPs\arm-eabi\com.sysprogs.arm.stm32\STM32F1xxxx\STM32F1xx_HAL_Driver\Inc\stm32f1xx_hal_rcc.h">
      <Filter>Header files\Device-specific files\HAL</Filter>
    </ClInclude>
    <ClInclude Include="C:\Users\Gigotdarnaud\AppData\Local\VisualGDB\EmbeddedBSPs\arm-eabi\com.sysprogs.arm.stm32\STM32F1xxxx\STM32F1xx_HAL_Driver\Inc\stm32f1xx_hal_rcc_ex.h">
      <Filter>Header files\Device-specific files\HAL</Filter>
    </ClInclude>
    <ClInclude Include="C:\Users\Gigotdarnaud\AppData\Local\VisualGDB\EmbeddedBSPs\arm-eabi\com.sysprogs.arm.stm32\STM32F1xxxx\STM32F1xx_HAL_Driver\Inc\stm32f1xx_hal_rtc.h">
      <Filter>Header files\Device-specific files\HAL</Filter>
    </ClInclude>
    <ClInclude Include="C:\Users\Gigotdarnaud\AppData\Local\VisualGDB\EmbeddedBSPs\arm-eabi\com.sysprogs.arm.stm32\STM32F1xxxx\STM32F1xx_HAL_Driver\Inc\stm32f1xx_hal_rtc_ex.h">
      <Filter>Header files\Device-specific files\HAL</Filter>
    </ClInclude>
    <ClInclude Include="C:\Users\Gigotdarnaud\AppData\Local\VisualGDB\EmbeddedBSPs\arm-eabi\com.sysprogs.arm.stm32\STM32F1xxxx\STM32F1xx_HAL_Driver\Inc\stm32f1xx_hal_sd.h">
      <Filter>Header files\Device-specific files\HAL</Filter>
    </ClInclude>
    <ClInclude Include="C:\Users\Gigotdarnaud\AppData\Local\VisualGDB\EmbeddedBSPs\arm-eabi\com.sysprogs.arm.stm32\STM32F1xxxx\STM32F1xx_HAL_Driver\Inc\stm32f1xx_hal_smartcard.h">
      <Filter>Header files\Device-specific files\HAL</Filter>
    </ClInclude>
    <ClInclude Include="C:\Users\Gigotdarnaud\AppData\Local\VisualGDB\EmbeddedBSPs\arm-eabi\com.sysprogs.arm.stm32\STM32F1xxxx\STM32F1xx_HAL_Driver\Inc\stm32f1xx_hal_spi.h">
      <Filter>Header files\Device-specific files\HAL</Filter>
    </ClInclude>
    <ClInclude Include="C:\Users\Gigotdarnaud\AppData\Local\VisualGDB\EmbeddedBSPs\arm-eabi\com.sysprogs.arm.stm32\STM32F1xxxx\STM32F1xx_HAL_Driver\Inc\stm32f1xx_hal_sram.h">
      <Filter>Header files\Device-specific files\HAL</Filter>
    </ClInclude>
    <ClInclude Include="C:\Users\Gigotdarnaud\AppData\Local\VisualGDB\EmbeddedBSPs\arm-eabi\com.sysprogs.arm.stm32\STM32F1xxxx\STM32F1xx_HAL_Driver\Inc\stm32f1xx_hal_tim.h">
      <Filter>Header files\Device-specific files\HAL</Filter>
    </ClInclude>
    <ClInclude Include="C:\Users\Gigotdarnaud\AppData\Local\VisualGDB\EmbeddedBSPs\arm-eabi\com.sysprogs.arm.stm32\STM32F1xxxx\STM32F1xx_HAL_Driver\Inc\stm32f1xx_hal_tim_ex.h">
      <Filter>Header files\Device-specific files\HAL</Filter>
    </ClInclude>
    <ClInclude Include="C:\Users\Gigotdarnaud\AppData\Local\VisualGDB\EmbeddedBSPs\arm-eabi\com.sysprogs.arm.stm32\STM32F1xxxx\STM32F1xx_HAL_Driver\Inc\stm32f1xx_hal_uart.h">
      <Filter>Header files\Device-specific files\HAL</Filter>
    </ClInclude>
    <ClInclude Include="C:\Users\Gigotdarnaud\AppData\Local\VisualGDB\EmbeddedBSPs\arm-eabi\com.sysprogs.arm.stm32\STM32F1xxxx\STM32F1xx_HAL_Driver\Inc\stm32f1xx_hal_usart.h">
      <Filter>Header files\Device-specific files\HAL</Filter>
    </ClInclude>
    <ClInclude Include="C:\Users\Gigotdarnaud\AppData\Local\VisualGDB\EmbeddedBSPs\arm-eabi\com.sysprogs.arm.stm32\STM32F1xxxx\STM32F1xx_HAL_Driver\Inc\stm32f1xx_hal_wwdg.h">
      <Filter>Header files\Device-specific files\HAL</Filter>
    </ClInclude>
    <ClInclude Include="C:\Users\Gigotdarnaud\AppData\Local\VisualGDB\EmbeddedBSPs\arm-eabi\com.sysprogs.arm.stm32\STM32F1xxxx\STM32F1xx_HAL_Driver\Inc\stm32f1xx_ll_adc.h">
      <Filter>Header files\Device-specific files\HAL</Filter>
    </ClInclude>
    <ClInclude Include="C:\Users\Gigotdarnaud\AppData\Local\VisualGDB\EmbeddedBSPs\arm-eabi\com.sysprogs.arm.stm32\STM32F1xxxx\STM32F1xx_HAL_Driver\Inc\stm32f1xx_ll_bus.h">
      <Filter>Header files\Device-specific files\HAL</Filter>
    </ClInclude>
    <ClInclude Include="C:\Users\Gigotdarnaud\AppData\Local\VisualGDB\EmbeddedBSPs\arm-eabi\com.sysprogs.arm.stm32\STM32F1xxxx\STM32F1xx_HAL_Driver\Inc\stm32f1xx_ll_cortex.h">
      <Filter>Header files\Device-specific files\HAL</Filter>
    </ClInclude>
    <ClInclude Include="C:\Users\Gigotdarnaud\AppData\Local\VisualGDB\EmbeddedBSPs\arm-eabi\com.sysprogs.arm.stm32\STM32F1xxxx\STM32F1xx_HAL_Driver\Inc\stm32f1xx_ll_crc.h">
      <Filter>Header files\Device-specific files\HAL</Filter>
    </ClInclude>
    <ClInclude Include="C:\Users\Gigotdarnaud\AppData\Local\VisualGDB\EmbeddedBSPs\arm-eabi\com.sysprogs.arm.stm32\STM32F1xxxx\STM32F1xx_HAL_Driver\Inc\stm32f1xx_ll_dac.h">
      <Filter>Header files\Device-specific files\HAL</Filter>
    </ClInclude>
    <ClInclude Include="C:\Users\Gigotdarnaud\AppData\Local\VisualGDB\EmbeddedBSPs\arm-eabi\com.sysprogs.arm.stm32\STM32F1xxxx\STM32F1xx_HAL_Driver\Inc\stm32f1xx_ll_dma.h">
      <Filter>Header files\Device-specific files\HAL</Filter>
    </ClInclude>
    <ClInclude Include="C:\Users\Gigotdarnaud\AppData\Local\VisualGDB\EmbeddedBSPs\arm-eabi\com.sysprogs.arm.stm32\STM32F1xxxx\STM32F1xx_HAL_Driver\Inc\stm32f1xx_ll_exti.h">
      <Filter>Header files\Device-specific files\HAL</Filter>
    </ClInclude>
    <ClInclude Include="C:\Users\Gigotdarnaud\AppData\Local\VisualGDB\EmbeddedBSPs\arm-eabi\com.sysprogs.arm.stm32\STM32F1xxxx\STM32F1xx_HAL_Driver\Inc\stm32f1xx_ll_fsmc.h">
      <Filter>Header files\Device-specific files\HAL</Filter>
    </ClInclude>
    <ClInclude Include="C:\Users\Gigotdarnaud\AppData\Local\VisualGDB\EmbeddedBSPs\arm-eabi\com.sysprogs.arm.stm32\STM32F1xxxx\STM32F1xx_HAL_Driver\Inc\stm32f1xx_ll_gpio.h">
      <Filter>Header files\Device-specific files\HAL</Filter>
    </ClInclude>
    <ClInclude Include="C:\Users\Gigotdarnaud\AppData\Local\VisualGDB\EmbeddedBSPs\arm-eabi\com.sysprogs.arm.stm32\STM32F1xxxx\STM32F1xx_HAL_Driver\Inc\stm32f1xx_ll_i2c.h">
      <Filter>Header files\Device-specific files\HAL</Filter>
    </ClInclude>
    <ClInclude Include="C:\Users\Gigotdarnaud\AppData\Local\VisualGDB\EmbeddedBSPs\arm-eabi\com.sysprogs.arm.stm32\STM32F1xxxx\STM32F1xx_HAL_Driver\Inc\stm32f1xx_ll_iwdg.h">
      <Filter>Header files\Device-specific files\HAL</Filter>
    </ClInclude>
    <ClInclude Include="C:\Users\Gigotdarnaud\AppData\Local\VisualGDB\EmbeddedBSPs\arm-eabi\com.sysprogs.arm.stm32\STM32F1xxxx\STM32F1xx_HAL_Driver\Inc\stm32f1xx_ll_pwr.h">
      <Filter>Header files\Device-specific files\HAL</Filter>
    </ClInclude>
    <ClInclude Include="C:\Users\Gigotdarnaud\AppData\Local\VisualGDB\EmbeddedBSPs\arm-eabi\com.sysprogs.arm.stm32\STM32F1xxxx\STM32F1xx_HAL_Driver\Inc\stm32f1xx_ll_rcc.h">
      <Filter>Header files\Device-specific files\HAL</Filter>
    </ClInclude>
    <ClInclude Include="C:\Users\Gigotdarnaud\AppData\Local\VisualGDB\EmbeddedBSPs\arm-eabi\com.sysprogs.arm.stm32\STM32F1xxxx\STM32F1xx_HAL_Driver\Inc\stm32f1xx_ll_rtc.h">
      <Filter>Header files\Device-specific files\HAL</Filter>
    </ClInclude>
    <ClInclude Include="C:\Users\Gigotdarnaud\AppData\Local\VisualGDB\EmbeddedBSPs\arm-eabi\com.sysprogs.arm.stm32\STM32F1xxxx\STM32F1xx_HAL_Driver\Inc\stm32f1xx_ll_sdmmc.h">
      <Filter>Header files\Device-specific files\HAL</Filter>
    </ClInclude>
    <ClInclude Include="C:\Users\Gigotdarnaud\AppData\Local\VisualGDB\EmbeddedBSPs\arm-eabi\com.sysprogs.arm.stm32\STM32F1xxxx\STM32F1xx_HAL_Driver\Inc\stm32f1xx_ll_spi.h">
      <Filter>Header files\Device-specific files\HAL</Filter>
    </ClInclude>
    <ClInclude Include="C:\Users\Gigotdarnaud\AppData\Local\VisualGDB\EmbeddedBSPs\arm-eabi\com.sysprogs.arm.stm32\STM32F1xxxx\STM32F1xx_HAL_Driver\Inc\stm32f1xx_ll_system.h">
      <Filter>Header files\Device-specific files\HAL</Filter>
    </ClInclude>
    <ClInclude Include="C:\Users\Gigotdarnaud\AppData\Local\VisualGDB\EmbeddedBSPs\arm-eabi\com.sysprogs.arm.stm32\STM32F1xxxx\STM32F1xx_HAL_Driver\Inc\stm32f1xx_ll_tim.h">
      <Filter>Header files\Device-specific files\HAL</Filter>
    </ClInclude>
    <ClInclude Include="C:\Users\Gigotdarnaud\AppData\Local\VisualGDB\EmbeddedBSPs\arm-eabi\com.sysprogs.arm.stm32\STM32F1xxxx\STM32F1xx_HAL_Driver\Inc\stm32f1xx_ll_usart.h">
      <Filter>Header files\Device-specific files\HAL</Filter>
    </ClInclude>
    <ClInclude Include="C:\Users\Gigotdarnaud\AppData\Local\VisualGDB\EmbeddedBSPs\arm-eabi\com.sysprogs.arm.stm32\STM32F1xxxx\STM32F1xx_HAL_Driver\Inc\stm32f1xx_ll_usb.h">
      <Filter>Header files\Device-specific files\HAL</Filter>
    </ClInclude>
    <ClInclude Include="C:\Users\Gigotdarnaud\AppData\Local\VisualGDB\EmbeddedBSPs\arm-eabi\com.sysprogs.arm.stm32\STM32F1xxxx\STM32F1xx_HAL_Driver\Inc\stm32f1xx_ll_utils.h">
      <Filter>Header files\Device-specific files\HAL</Filter>
    </ClInclude>
    <ClInclude Include="C:\Users\Gigotdarnaud\AppData\Local\VisualGDB\EmbeddedBSPs\arm-eabi\com.sysprogs.arm.stm32\STM32F1xxxx\STM32F1xx_HAL_Driver\Inc\stm32f1xx_ll_wwdg.h">
      <Filter>Header files\Device-specific files\HAL</Filter>
    </ClInclude>
    <ClInclude Include="C:\Users\Gigotdarnaud\AppData\Local\VisualGDB\EmbeddedBSPs\arm-eabi\com.sysprogs.arm.stm32\STM32F1xxxx\STM32F1xx_HAL_Driver\Inc\Legacy\stm32_hal_legacy.h">
      <Filter>Header files\Device-specific files\HAL</Filter>
    </ClInclude>
    <ClInclude Include="C:\Users\Gigotdarnaud\AppData\Local\VisualGDB\EmbeddedBSPs\arm-eabi\com.sysprogs.arm.stm32\STM32F1xxxx\CMSIS_HAL\Device\ST\STM32F1xx\Include\stm32f1xx.h">
      <Filter>Header files\Device-specific files\HAL</Filter>
    </ClInclude>
    <ClInclude Include="C:\Users\Gigotdarnaud\AppData\Local\VisualGDB\EmbeddedBSPs\arm-eabi\com.sysprogs.arm.stm32\STM32F1xxxx\CMSIS_HAL\Device\ST\STM32F1xx\Include\system_stm32f1xx.h">
      <Filter>Header files\Device-specific files\HAL</Filter>
    </ClInclude>
    <ClInclude Include="C:\Users\Gigotdarnaud\AppData\Local\VisualGDB\EmbeddedBSPs\arm-eabi\com.sysprogs.arm.stm32\STM32F1xxxx\CMSIS_HAL\Include\arm_common_tables.h">
      <Filter>Header files\Device-specific files\HAL</Filter>
    </ClInclude>
    <ClInclude Include="C:\Users\Gigotdarnaud\AppData\Local\VisualGDB\EmbeddedBSPs\arm-eabi\com.sysprogs.arm.stm32\STM32F1xxxx\CMSIS_HAL\Include\arm_const_structs.h">
      <Filter>Header files\Device-specific files\HAL</Filter>
    </ClInclude>
    <ClInclude Include="C:\Users\Gigotdarnaud\AppData\Local\VisualGDB\EmbeddedBSPs\arm-eabi\com.sysprogs.arm.stm32\STM32F1xxxx\CMSIS_HAL\Include\arm_math.h">
      <Filter>Header files\Device-specific files\HAL</Filter>
    </ClInclude>
    <ClInclude Include="C:\Users\Gigotdarnaud\AppData\Local\VisualGDB\EmbeddedBSPs\arm-eabi\com.sysprogs.arm.stm32\STM32F1xxxx\CMSIS_HAL\Include\cmsis_armcc.h">
      <Filter>Header files\Device-specific files\HAL</Filter>
    </ClInclude>
    <ClInclude Include="C:\Users\Gigotdarnaud\AppData\Local\VisualGDB\EmbeddedBSPs\arm-eabi\com.sysprogs.arm.stm32\STM32F1xxxx\CMSIS_HAL\Include\cmsis_armcc_V6.h">
      <Filter>Header files\Device-specific files\HAL</Filter>
    </ClInclude>
    <ClInclude Include="C:\Users\Gigotdarnaud\AppData\Local\VisualGDB\EmbeddedBSPs\arm-eabi\com.sysprogs.arm.stm32\STM32F1xxxx\CMSIS_HAL\Include\cmsis_gcc.h">
      <Filter>Header files\Device-specific files\HAL</Filter>
    </ClInclude>
    <ClInclude Include="C:\Users\Gigotdarnaud\AppData\Local\VisualGDB\EmbeddedBSPs\arm-eabi\com.sysprogs.arm.stm32\STM32F1xxxx\CMSIS_HAL\Include\core_cm0.h">
      <Filter>Header files\Device-specific files\HAL</Filter>
    </ClInclude>
    <ClInclude Include="C:\Users\Gigotdarnaud\AppData\Local\VisualGDB\EmbeddedBSPs\arm-eabi\com.sysprogs.arm.stm32\STM32F1xxxx\CMSIS_HAL\Include\core_cm0plus.h">
      <Filter>Header files\Device-specific files\HAL</Filter>
    </ClInclude>
    <ClInclude Include="C:\Users\Gigotdarnaud\AppData\Local\VisualGDB\EmbeddedBSPs\arm-eabi\com.sysprogs.arm.stm32\STM32F1xxxx\CMSIS_HAL\Include\core_cm3.h">
      <Filter>Header files\Device-specific files\HAL</Filter>
    </ClInclude>
    <ClInclude Include="C:\Users\Gigotdarnaud\AppData\Local\VisualGDB\EmbeddedBSPs\arm-eabi\com.sysprogs.arm.stm32\STM32F1xxxx\CMSIS_HAL\Include\core_cm4.h">
      <Filter>Header files\Device-specific files\HAL</Filter>
    </ClInclude>
    <ClInclude Include="C:\Users\Gigotdarnaud\AppData\Local\VisualGDB\EmbeddedBSPs\arm-eabi\com.sysprogs.arm.stm32\STM32F1xxxx\CMSIS_HAL\Include\core_cm7.h">
      <Filter>Header files\Device-specific files\HAL</Filter>
    </ClInclude>
    <ClInclude Include="C:\Users\Gigotdarnaud\AppData\Local\VisualGDB\EmbeddedBSPs\arm-eabi\com.sysprogs.arm.stm32\STM32F1xxxx\CMSIS_HAL\Include\core_cmFunc.h">
      <Filter>Header files\Device-specific files\HAL</Filter>
    </ClInclude>
    <ClInclude Include="C:\Users\Gigotdarnaud\AppData\Local\VisualGDB\EmbeddedBSPs\arm-eabi\com.sysprogs.arm.stm32\STM32F1xxxx\CMSIS_HAL\Include\core_cmInstr.h">
      <Filter>Header files\Device-specific files\HAL</Filter>
    </ClInclude>
    <ClInclude Include="C:\Users\Gigotdarnaud\AppData\Local\VisualGDB\EmbeddedBSPs\arm-eabi\com.sysprogs.arm.stm32\STM32F1xxxx\CMSIS_HAL\Include\core_cmSimd.h">
      <Filter>Header files\Device-specific files\HAL</Filter>
    </ClInclude>
    <ClInclude Include="C:\Users\Gigotdarnaud\AppData\Local\VisualGDB\EmbeddedBSPs\arm-eabi\com.sysprogs.arm.stm32\STM32F1xxxx\CMSIS_HAL\Include\core_sc000.h">
      <Filter>Header files\Device-specific files\HAL</Filter>
    </ClInclude>
    <ClInclude Include="C:\Users\Gigotdarnaud\AppData\Local\VisualGDB\EmbeddedBSPs\arm-eabi\com.sysprogs.arm.stm32\STM32F1xxxx\CMSIS_HAL\Include\core_sc300.h">
      <Filter>Header files\Device-specific files\HAL</Filter>
    </ClInclude>
    <ClInclude Include="C:\Users\Gigotdarnaud\AppData\Local\VisualGDB\EmbeddedBSPs\arm-eabi\com.sysprogs.arm.stm32\STM32F1xxxx\CMSIS_HAL\RTOS\Template\cmsis_os.h">
      <Filter>Header files\Device-specific files\HAL</Filter>
    </ClInclude>
  </ItemGroup>
  <ItemGroup>
    <None Include="STM32Test-Debug.vgdbsettings">
      <Filter>VisualGDB settings</Filter>
    </None>
    <None Include="STM32Test-Release.vgdbsettings">
      <Filter>VisualGDB settings</Filter>
    </None>
    <None Include="stm32.props">
      <Filter>Source files\Device-specific files</Filter>
    </None>
  </ItemGroup>
  <ItemGroup>
    <Xml Include="stm32.xml">
      <Filter>VisualGDB settings</Filter>
    </Xml>
  </ItemGroup>
  <ItemGroup>
    <LinkerScript Include="STM32F407VG_flash.lds">
      <Filter>Source files</Filter>
    </LinkerScript>
    <LinkerScript Include="STM32F103C8_flash.lds">
      <Filter>Source files</Filter>
    </LinkerScript>
  </ItemGroup>
</Project>